
Microsoft Visual Studio Solution File, Format Version 12.00
# Visual Studio Version 17
VisualStudioVersion = 17.12.35527.113
MinimumVisualStudioVersion = 10.0.40219.1
Project("{FAE04EC0-301F-11D3-BF4B-00C04F79EFBC}") = "AuthDoNetApi", "AuthDoNetApi.csproj", "{0064B27F-EB90-46DF-B18D-AF760B5CA16C}"
EndProject
Project("{FAE04EC0-301F-11D3-BF4B-00C04F79EFBC}") = "IdentityManagement", "..\IdentityManagement\IdentityManagement.csproj", "{48C3DFC2-C4CF-45FA-B853-9122F89F12A9}"
EndProject
Global
	GlobalSection(SolutionConfigurationPlatforms) = preSolution
		Debug|Any CPU = Debug|Any CPU
		Release|Any CPU = Release|Any CPU
	EndGlobalSection
	GlobalSection(ProjectConfigurationPlatforms) = postSolution
		{0064B27F-EB90-46DF-B18D-AF760B5CA16C}.Debug|Any CPU.ActiveCfg = Debug|Any CPU
		{0064B27F-EB90-46DF-B18D-AF760B5CA16C}.Debug|Any CPU.Build.0 = Debug|Any CPU
		{0064B27F-EB90-46DF-B18D-AF760B5CA16C}.Release|Any CPU.ActiveCfg = Release|Any CPU
		{0064B27F-EB90-46DF-B18D-AF760B5CA16C}.Release|Any CPU.Build.0 = Release|Any CPU
		{48C3DFC2-C4CF-45FA-B853-9122F89F12A9}.Debug|Any CPU.ActiveCfg = Debug|Any CPU
		{48C3DFC2-C4CF-45FA-B853-9122F89F12A9}.Debug|Any CPU.Build.0 = Debug|Any CPU
		{48C3DFC2-C4CF-45FA-B853-9122F89F12A9}.Release|Any CPU.ActiveCfg = Release|Any CPU
		{48C3DFC2-C4CF-45FA-B853-9122F89F12A9}.Release|Any CPU.Build.0 = Release|Any CPU
	EndGlobalSection
	GlobalSection(SolutionProperties) = preSolution
		HideSolutionNode = FALSE
	EndGlobalSection
EndGlobal
